
Microsoft Visual Studio Solution File, Format Version 12.00
# Visual Studio 2013
VisualStudioVersion = 12.0.40629.0
MinimumVisualStudioVersion = 10.0.40219.1
Project("{8BC9CEB8-8B4A-11D0-8D11-00A0C91BC942}") = "testpink", "testpink\testpink.vcxproj", "{6393FF30-8E77-4521-A9BA-4689686D6B41}"
EndProject
Project("{8BC9CEB8-8B4A-11D0-8D11-00A0C91BC942}") = "testpink_win32", "testpink_win32\testpink_win32.vcxproj", "{E5EAF423-A061-45A4-ACC2-3AA34F84B852}"
EndProject
Project("{8BC9CEB8-8B4A-11D0-8D11-00A0C91BC942}") = "testpink_mfc", "testpink_mfc\testpink_mfc.vcxproj", "{7B6D043B-1092-472E-9440-AD6FAEFDADB0}"
EndProject
Project("{8BC9CEB8-8B4A-11D0-8D11-00A0C91BC942}") = "Hooker", "Hooker\Hooker.vcxproj", "{66A34F4D-DBD8-493F-BDB5-236446A46407}"
EndProject
Project("{8BC9CEB8-8B4A-11D0-8D11-00A0C91BC942}") = "HookerDll", "HookerDll\HookerDll.vcxproj", "{13308D8C-3F84-4423-9004-6DA5FCAE18B5}"
EndProject
Global
	GlobalSection(SolutionConfigurationPlatforms) = preSolution
		Debug|Win32 = Debug|Win32
		Release|Win32 = Release|Win32
	EndGlobalSection
	GlobalSection(ProjectConfigurationPlatforms) = postSolution
		{6393FF30-8E77-4521-A9BA-4689686D6B41}.Debug|Win32.ActiveCfg = Debug|Win32
		{6393FF30-8E77-4521-A9BA-4689686D6B41}.Debug|Win32.Build.0 = Debug|Win32
		{6393FF30-8E77-4521-A9BA-4689686D6B41}.Release|Win32.ActiveCfg = Release|Win32
		{6393FF30-8E77-4521-A9BA-4689686D6B41}.Release|Win32.Build.0 = Release|Win32
		{E5EAF423-A061-45A4-ACC2-3AA34F84B852}.Debug|Win32.ActiveCfg = Debug|Win32
		{E5EAF423-A061-45A4-ACC2-3AA34F84B852}.Debug|Win32.Build.0 = Debug|Win32
		{E5EAF423-A061-45A4-ACC2-3AA34F84B852}.Release|Win32.ActiveCfg = Release|Win32
		{E5EAF423-A061-45A4-ACC2-3AA34F84B852}.Release|Win32.Build.0 = Release|Win32
		{7B6D043B-1092-472E-9440-AD6FAEFDADB0}.Debug|Win32.ActiveCfg = Debug|Win32
		{7B6D043B-1092-472E-9440-AD6FAEFDADB0}.Debug|Win32.Build.0 = Debug|Win32
		{7B6D043B-1092-472E-9440-AD6FAEFDADB0}.Release|Win32.ActiveCfg = Release|Win32
		{7B6D043B-1092-472E-9440-AD6FAEFDADB0}.Release|Win32.Build.0 = Release|Win32
		{66A34F4D-DBD8-493F-BDB5-236446A46407}.Debug|Win32.ActiveCfg = Debug|Win32
		{66A34F4D-DBD8-493F-BDB5-236446A46407}.Debug|Win32.Build.0 = Debug|Win32
		{66A34F4D-DBD8-493F-BDB5-236446A46407}.Release|Win32.ActiveCfg = Release|Win32
		{66A34F4D-DBD8-493F-BDB5-236446A46407}.Release|Win32.Build.0 = Release|Win32
		{13308D8C-3F84-4423-9004-6DA5FCAE18B5}.Debug|Win32.ActiveCfg = Debug|Win32
		{13308D8C-3F84-4423-9004-6DA5FCAE18B5}.Debug|Win32.Build.0 = Debug|Win32
		{13308D8C-3F84-4423-9004-6DA5FCAE18B5}.Release|Win32.ActiveCfg = Release|Win32
		{13308D8C-3F84-4423-9004-6DA5FCAE18B5}.Release|Win32.Build.0 = Release|Win32
	EndGlobalSection
	GlobalSection(SolutionProperties) = preSolution
		HideSolutionNode = FALSE
	EndGlobalSection
EndGlobal
