<?xml version="1.0" encoding="utf-8"?>
<Project ToolsVersion="4.0" xmlns="http://schemas.microsoft.com/developer/msbuild/2003">
  <ItemGroup>
    <Filter Include="源文件">
      <UniqueIdentifier>{4FC737F1-C7A5-4376-A066-2A32D752A2FF}</UniqueIdentifier>
      <Extensions>cpp;c;cc;cxx;def;odl;idl;hpj;bat;asm;asmx</Extensions>
    </Filter>
    <Filter Include="头文件">
      <UniqueIdentifier>{93995380-89BD-4b04-88EB-625FBE52EBFB}</UniqueIdentifier>
      <Extensions>h;hh;hpp;hxx;hm;inl;inc;xsd</Extensions>
    </Filter>
    <Filter Include="资源文件">
      <UniqueIdentifier>{67DA6AB6-F800-4c08-8B7A-83BB121AAD01}</UniqueIdentifier>
      <Extensions>rc;ico;cur;bmp;dlg;rc2;rct;bin;rgs;gif;jpg;jpeg;jpe;resx;tiff;tif;png;wav;mfcribbon-ms</Extensions>
    </Filter>
    <Filter Include="testsource">
      <UniqueIdentifier>{3c67eecb-ed5a-4c50-b7e2-b9a53926da3c}</UniqueIdentifier>
    </Filter>
    <Filter Include="source">
      <UniqueIdentifier>{d2e22fc2-a175-411d-ab79-4ca1ad48e859}</UniqueIdentifier>
    </Filter>
    <Filter Include="source\apihook">
      <UniqueIdentifier>{2d1abe96-d011-439f-8c14-7b173f851563}</UniqueIdentifier>
    </Filter>
  </ItemGroup>
  <ItemGroup>
    <Text Include="ReadMe.txt" />
  </ItemGroup>
  <ItemGroup>
    <ClInclude Include="testpink_mfc.h">
      <Filter>头文件</Filter>
    </ClInclude>
    <ClInclude Include="testpink_mfcDlg.h">
      <Filter>头文件</Filter>
    </ClInclude>
    <ClInclude Include="stdafx.h">
      <Filter>头文件</Filter>
    </ClInclude>
    <ClInclude Include="targetver.h">
      <Filter>头文件</Filter>
    </ClInclude>
    <ClInclude Include="Resource.h">
      <Filter>头文件</Filter>
    </ClInclude>
    <ClInclude Include="..\..\source\apihook\APIHook.h">
      <Filter>source\apihook</Filter>
    </ClInclude>
  </ItemGroup>
  <ItemGroup>
    <ClCompile Include="testpink_mfc.cpp">
      <Filter>源文件</Filter>
    </ClCompile>
    <ClCompile Include="testpink_mfcDlg.cpp">
      <Filter>源文件</Filter>
    </ClCompile>
    <ClCompile Include="stdafx.cpp">
      <Filter>源文件</Filter>
    </ClCompile>
    <ClCompile Include="..\testsource\test_thread.cpp">
      <Filter>testsource</Filter>
    </ClCompile>
    <ClCompile Include="..\testsource\test_bind.cpp">
      <Filter>testsource</Filter>
    </ClCompile>
    <ClCompile Include="..\testsource\test_virtual.cpp">
      <Filter>testsource</Filter>
    </ClCompile>
    <ClCompile Include="..\..\source\apihook\APIHook.cpp">
      <Filter>source\apihook</Filter>
    </ClCompile>
    <ClCompile Include="..\..\source\apihook\GdiFontHook.cpp">
      <Filter>source\apihook</Filter>
    </ClCompile>
  </ItemGroup>
  <ItemGroup>
    <ResourceCompile Include="testpink_mfc.rc">
      <Filter>资源文件</Filter>
    </ResourceCompile>
  </ItemGroup>
  <ItemGroup>
    <None Include="res\testpink_mfc.rc2">
      <Filter>资源文件</Filter>
    </None>
  </ItemGroup>
  <ItemGroup>
    <Image Include="res\testpink_mfc.ico">
      <Filter>资源文件</Filter>
    </Image>
  </ItemGroup>
</Project>