<?xml version="1.0" encoding="utf-8"?>
<Project ToolsVersion="4.0" xmlns="http://schemas.microsoft.com/developer/msbuild/2003">
  <ItemGroup>
    <Filter Include="源文件">
      <UniqueIdentifier>{4FC737F1-C7A5-4376-A066-2A32D752A2FF}</UniqueIdentifier>
      <Extensions>cpp;c;cc;cxx;def;odl;idl;hpj;bat;asm;asmx</Extensions>
    </Filter>
    <Filter Include="头文件">
      <UniqueIdentifier>{93995380-89BD-4b04-88EB-625FBE52EBFB}</UniqueIdentifier>
      <Extensions>h;hh;hpp;hxx;hm;inl;inc;xsd</Extensions>
    </Filter>
    <Filter Include="资源文件">
      <UniqueIdentifier>{67DA6AB6-F800-4c08-8B7A-83BB121AAD01}</UniqueIdentifier>
      <Extensions>rc;ico;cur;bmp;dlg;rc2;rct;bin;rgs;gif;jpg;jpeg;jpe;resx;tiff;tif;png;wav;mfcribbon-ms</Extensions>
    </Filter>
    <Filter Include="include">
      <UniqueIdentifier>{52cace27-d7c1-4807-b855-d7012f1bc4ba}</UniqueIdentifier>
    </Filter>
    <Filter Include="include\text">
      <UniqueIdentifier>{fb136600-913a-43d7-9e6a-8d2074645334}</UniqueIdentifier>
    </Filter>
    <Filter Include="testsource">
      <UniqueIdentifier>{25f145b8-9111-48b6-a36e-e7eb0f3b61eb}</UniqueIdentifier>
    </Filter>
    <Filter Include="source">
      <UniqueIdentifier>{953e2037-263b-443c-8df1-2ece88320593}</UniqueIdentifier>
    </Filter>
    <Filter Include="include\http">
      <UniqueIdentifier>{20549fb5-f269-4a96-9c97-179b9112ca69}</UniqueIdentifier>
    </Filter>
  </ItemGroup>
  <ItemGroup>
    <Text Include="ReadMe.txt" />
  </ItemGroup>
  <ItemGroup>
    <ClInclude Include="stdafx.h">
      <Filter>头文件</Filter>
    </ClInclude>
    <ClInclude Include="targetver.h">
      <Filter>头文件</Filter>
    </ClInclude>
    <ClInclude Include="..\..\include\text\dbc_sbc.h">
      <Filter>include\text</Filter>
    </ClInclude>
    <ClInclude Include="..\..\include\text\spliter.h">
      <Filter>include\text</Filter>
    </ClInclude>
  </ItemGroup>
  <ItemGroup>
    <ClCompile Include="stdafx.cpp">
      <Filter>源文件</Filter>
    </ClCompile>
    <ClCompile Include="testpink.cpp">
      <Filter>源文件</Filter>
    </ClCompile>
    <ClCompile Include="..\testsource\test_text.cpp">
      <Filter>testsource</Filter>
    </ClCompile>
    <ClCompile Include="..\testsource\test_format.cpp">
      <Filter>testsource</Filter>
    </ClCompile>
    <ClCompile Include="..\testsource\test_spliter.cpp">
      <Filter>testsource</Filter>
    </ClCompile>
    <ClCompile Include="..\testsource\test_bind.cpp">
      <Filter>testsource</Filter>
    </ClCompile>
  </ItemGroup>
</Project>